
Microsoft Visual Studio Solution File, Format Version 11.00
# Visual Studio 2010
Project("{8BC9CEB8-8B4A-11D0-8D11-00A0C91BC942}") = "bittorrent", "bittorrent\bittorrent.vcxproj", "{A4B1EA20-BF11-4715-AC69-F40D2B761E9E}"
EndProject
Project("{8BC9CEB8-8B4A-11D0-8D11-00A0C91BC942}") = "wintorrent", "wintorrent\wintorrent.vcxproj", "{0A39072A-4468-47F6-A834-F97466801A74}"
	ProjectSection(ProjectDependencies) = postProject
		{A4B1EA20-BF11-4715-AC69-F40D2B761E9E} = {A4B1EA20-BF11-4715-AC69-F40D2B761E9E}
	EndProjectSection
EndProject
Project("{8BC9CEB8-8B4A-11D0-8D11-00A0C91BC942}") = "dllTest", "dllTest\dllTest.vcxproj", "{7840AB07-BF36-417F-9B7C-D9E925DCB374}"
	ProjectSection(ProjectDependencies) = postProject
		{0A39072A-4468-47F6-A834-F97466801A74} = {0A39072A-4468-47F6-A834-F97466801A74}
	EndProjectSection
EndProject
Global
	GlobalSection(SubversionScc) = preSolution
		Svn-Managed = True
		Manager = AnkhSVN - Subversion Support for Visual Studio
	EndGlobalSection
	GlobalSection(SolutionConfigurationPlatforms) = preSolution
		Debug|Win32 = Debug|Win32
		Release|Win32 = Release|Win32
	EndGlobalSection
	GlobalSection(ProjectConfigurationPlatforms) = postSolution
		{A4B1EA20-BF11-4715-AC69-F40D2B761E9E}.Debug|Win32.ActiveCfg = Debug|Win32
		{A4B1EA20-BF11-4715-AC69-F40D2B761E9E}.Debug|Win32.Build.0 = Debug|Win32
		{A4B1EA20-BF11-4715-AC69-F40D2B761E9E}.Release|Win32.ActiveCfg = Release|Win32
		{A4B1EA20-BF11-4715-AC69-F40D2B761E9E}.Release|Win32.Build.0 = Release|Win32
		{0A39072A-4468-47F6-A834-F97466801A74}.Debug|Win32.ActiveCfg = Debug|Win32
		{0A39072A-4468-47F6-A834-F97466801A74}.Debug|Win32.Build.0 = Debug|Win32
		{0A39072A-4468-47F6-A834-F97466801A74}.Release|Win32.ActiveCfg = Release|Win32
		{0A39072A-4468-47F6-A834-F97466801A74}.Release|Win32.Build.0 = Release|Win32
		{7840AB07-BF36-417F-9B7C-D9E925DCB374}.Debug|Win32.ActiveCfg = Debug|Win32
		{7840AB07-BF36-417F-9B7C-D9E925DCB374}.Debug|Win32.Build.0 = Debug|Win32
		{7840AB07-BF36-417F-9B7C-D9E925DCB374}.Release|Win32.ActiveCfg = Release|Win32
		{7840AB07-BF36-417F-9B7C-D9E925DCB374}.Release|Win32.Build.0 = Release|Win32
	EndGlobalSection
	GlobalSection(SolutionProperties) = preSolution
		HideSolutionNode = FALSE
	EndGlobalSection
EndGlobal
