<?xml version="1.0" encoding="utf-8"?>
<Project ToolsVersion="4.0" xmlns="http://schemas.microsoft.com/developer/msbuild/2003">
  <ItemGroup>
    <ClInclude Include="bittorrent.h" />
    <ClInclude Include="session_impl.h">
      <Filter>src</Filter>
    </ClInclude>
    <ClInclude Include="lexical_cast.hpp">
      <Filter>src</Filter>
    </ClInclude>
    <ClInclude Include="tuple_map.hpp">
      <Filter>src</Filter>
    </ClInclude>
    <ClInclude Include="debug_print.hpp">
      <Filter>src</Filter>
    </ClInclude>
  </ItemGroup>
  <ItemGroup>
    <ClCompile Include="dllmain.cpp">
      <Filter>src</Filter>
    </ClCompile>
    <ClCompile Include="make.cpp">
      <Filter>src</Filter>
    </ClCompile>
    <ClCompile Include="session.cpp">
      <Filter>src</Filter>
    </ClCompile>
    <ClCompile Include="session_impl.cpp">
      <Filter>src</Filter>
    </ClCompile>
  </ItemGroup>
  <ItemGroup>
    <Filter Include="src">
      <UniqueIdentifier>{1bfb7f2a-c0c8-4739-b728-4874b5c050c4}</UniqueIdentifier>
    </Filter>
  </ItemGroup>
</Project>